// !$*UTF8*$!
{
	archiveVersion = 1;
	classes = {
	};
	objectVersion = 55;
	objects = {

/* Begin PBXBuildFile section */
		8E9009D32739D59300277A15 /* List_App_With_APIApp.swift in Sources */ = {isa = PBXBuildFile; fileRef = 8E9009D22739D59300277A15 /* List_App_With_APIApp.swift */; };
		8E9009D52739D59300277A15 /* ContentView.swift in Sources */ = {isa = PBXBuildFile; fileRef = 8E9009D42739D59300277A15 /* ContentView.swift */; };
		8E9009D72739D59600277A15 /* Assets.xcassets in Resources */ = {isa = PBXBuildFile; fileRef = 8E9009D62739D59600277A15 /* Assets.xcassets */; };
		8E9009DA2739D59600277A15 /* Preview Assets.xcassets in Resources */ = {isa = PBXBuildFile; fileRef = 8E9009D92739D59600277A15 /* Preview Assets.xcassets */; };
		8E9009E42739D59700277A15 /* List_App_With_APITests.swift in Sources */ = {isa = PBXBuildFile; fileRef = 8E9009E32739D59700277A15 /* List_App_With_APITests.swift */; };
		8E9009EE2739D59700277A15 /* List_App_With_APIUITests.swift in Sources */ = {isa = PBXBuildFile; fileRef = 8E9009ED2739D59700277A15 /* List_App_With_APIUITests.swift */; };
		8E9009F02739D59700277A15 /* List_App_With_APIUITestsLaunchTests.swift in Sources */ = {isa = PBXBuildFile; fileRef = 8E9009EF2739D59700277A15 /* List_App_With_APIUITestsLaunchTests.swift */; };
		8E900A002739D69000277A15 /* HighSchoolHome.swift in Sources */ = {isa = PBXBuildFile; fileRef = 8E9009FF2739D69000277A15 /* HighSchoolHome.swift */; };
		8E900A032739D6CD00277A15 /* HighSchool.swift in Sources */ = {isa = PBXBuildFile; fileRef = 8E900A022739D6CD00277A15 /* HighSchool.swift */; };
		8E900A052739D8AB00277A15 /* ModelData.swift in Sources */ = {isa = PBXBuildFile; fileRef = 8E900A042739D8AB00277A15 /* ModelData.swift */; };
		8E900A072739DC1700277A15 /* HighSchoolRow.swift in Sources */ = {isa = PBXBuildFile; fileRef = 8E900A062739DC1700277A15 /* HighSchoolRow.swift */; };
		8E900A092739DDAB00277A15 /* SAT.swift in Sources */ = {isa = PBXBuildFile; fileRef = 8E900A082739DDAB00277A15 /* SAT.swift */; };
/* End PBXBuildFile section */

/* Begin PBXContainerItemProxy section */
		8E9009E02739D59700277A15 /* PBXContainerItemProxy */ = {
			isa = PBXContainerItemProxy;
			containerPortal = 8E9009C72739D59300277A15 /* Project object */;
			proxyType = 1;
			remoteGlobalIDString = 8E9009CE2739D59300277A15;
			remoteInfo = "List App With API";
		};
		8E9009EA2739D59700277A15 /* PBXContainerItemProxy */ = {
			isa = PBXContainerItemProxy;
			containerPortal = 8E9009C72739D59300277A15 /* Project object */;
			proxyType = 1;
			remoteGlobalIDString = 8E9009CE2739D59300277A15;
			remoteInfo = "List App With API";
		};
/* End PBXContainerItemProxy section */

/* Begin PBXFileReference section */
		8E9009CF2739D59300277A15 /* List App With API.app */ = {isa = PBXFileReference; explicitFileType = wrapper.application; includeInIndex = 0; path = "List App With API.app"; sourceTree = BUILT_PRODUCTS_DIR; };
		8E9009D22739D59300277A15 /* List_App_With_APIApp.swift */ = {isa = PBXFileReference; lastKnownFileType = sourcecode.swift; path = List_App_With_APIApp.swift; sourceTree = "<group>"; };
		8E9009D42739D59300277A15 /* ContentView.swift */ = {isa = PBXFileReference; lastKnownFileType = sourcecode.swift; path = ContentView.swift; sourceTree = "<group>"; };
		8E9009D62739D59600277A15 /* Assets.xcassets */ = {isa = PBXFileReference; lastKnownFileType = folder.assetcatalog; path = Assets.xcassets; sourceTree = "<group>"; };
		8E9009D92739D59600277A15 /* Preview Assets.xcassets */ = {isa = PBXFileReference; lastKnownFileType = folder.assetcatalog; path = "Preview Assets.xcassets"; sourceTree = "<group>"; };
		8E9009DF2739D59700277A15 /* List App With APITests.xctest */ = {isa = PBXFileReference; explicitFileType = wrapper.cfbundle; includeInIndex = 0; path = "List App With APITests.xctest"; sourceTree = BUILT_PRODUCTS_DIR; };
		8E9009E32739D59700277A15 /* List_App_With_APITests.swift */ = {isa = PBXFileReference; lastKnownFileType = sourcecode.swift; path = List_App_With_APITests.swift; sourceTree = "<group>"; };
		8E9009E92739D59700277A15 /* List App With APIUITests.xctest */ = {isa = PBXFileReference; explicitFileType = wrapper.cfbundle; includeInIndex = 0; path = "List App With APIUITests.xctest"; sourceTree = BUILT_PRODUCTS_DIR; };
		8E9009ED2739D59700277A15 /* List_App_With_APIUITests.swift */ = {isa = PBXFileReference; lastKnownFileType = sourcecode.swift; path = List_App_With_APIUITests.swift; sourceTree = "<group>"; };
		8E9009EF2739D59700277A15 /* List_App_With_APIUITestsLaunchTests.swift */ = {isa = PBXFileReference; lastKnownFileType = sourcecode.swift; path = List_App_With_APIUITestsLaunchTests.swift; sourceTree = "<group>"; };
		8E9009FF2739D69000277A15 /* HighSchoolHome.swift */ = {isa = PBXFileReference; lastKnownFileType = sourcecode.swift; path = HighSchoolHome.swift; sourceTree = "<group>"; };
		8E900A022739D6CD00277A15 /* HighSchool.swift */ = {isa = PBXFileReference; lastKnownFileType = sourcecode.swift; path = HighSchool.swift; sourceTree = "<group>"; };
		8E900A042739D8AB00277A15 /* ModelData.swift */ = {isa = PBXFileReference; lastKnownFileType = sourcecode.swift; path = ModelData.swift; sourceTree = "<group>"; };
		8E900A062739DC1700277A15 /* HighSchoolRow.swift */ = {isa = PBXFileReference; lastKnownFileType = sourcecode.swift; path = HighSchoolRow.swift; sourceTree = "<group>"; };
		8E900A082739DDAB00277A15 /* SAT.swift */ = {isa = PBXFileReference; lastKnownFileType = sourcecode.swift; path = SAT.swift; sourceTree = "<group>"; };
/* End PBXFileReference section */

/* Begin PBXFrameworksBuildPhase section */
		8E9009CC2739D59300277A15 /* Frameworks */ = {
			isa = PBXFrameworksBuildPhase;
			buildActionMask = 2147483647;
			files = (
			);
			runOnlyForDeploymentPostprocessing = 0;
		};
		8E9009DC2739D59700277A15 /* Frameworks */ = {
			isa = PBXFrameworksBuildPhase;
			buildActionMask = 2147483647;
			files = (
			);
			runOnlyForDeploymentPostprocessing = 0;
		};
		8E9009E62739D59700277A15 /* Frameworks */ = {
			isa = PBXFrameworksBuildPhase;
			buildActionMask = 2147483647;
			files = (
			);
			runOnlyForDeploymentPostprocessing = 0;
		};
/* End PBXFrameworksBuildPhase section */

/* Begin PBXGroup section */
		8E9009C62739D59300277A15 = {
			isa = PBXGroup;
			children = (
				8E9009D12739D59300277A15 /* List App With API */,
				8E9009E22739D59700277A15 /* List App With APITests */,
				8E9009EC2739D59700277A15 /* List App With APIUITests */,
				8E9009D02739D59300277A15 /* Products */,
			);
			sourceTree = "<group>";
		};
		8E9009D02739D59300277A15 /* Products */ = {
			isa = PBXGroup;
			children = (
				8E9009CF2739D59300277A15 /* List App With API.app */,
				8E9009DF2739D59700277A15 /* List App With APITests.xctest */,
				8E9009E92739D59700277A15 /* List App With APIUITests.xctest */,
			);
			name = Products;
			sourceTree = "<group>";
		};
		8E9009D12739D59300277A15 /* List App With API */ = {
			isa = PBXGroup;
			children = (
				8E9009D22739D59300277A15 /* List_App_With_APIApp.swift */,
				8E9009FC2739D60600277A15 /* Views */,
				8E900A012739D69F00277A15 /* Models */,
				8E9009D62739D59600277A15 /* Assets.xcassets */,
				8E9009D82739D59600277A15 /* Preview Content */,
			);
			path = "List App With API";
			sourceTree = "<group>";
		};
		8E9009D82739D59600277A15 /* Preview Content */ = {
			isa = PBXGroup;
			children = (
				8E9009D92739D59600277A15 /* Preview Assets.xcassets */,
			);
			path = "Preview Content";
			sourceTree = "<group>";
		};
		8E9009E22739D59700277A15 /* List App With APITests */ = {
			isa = PBXGroup;
			children = (
				8E9009E32739D59700277A15 /* List_App_With_APITests.swift */,
			);
			path = "List App With APITests";
			sourceTree = "<group>";
		};
		8E9009EC2739D59700277A15 /* List App With APIUITests */ = {
			isa = PBXGroup;
			children = (
				8E9009ED2739D59700277A15 /* List_App_With_APIUITests.swift */,
				8E9009EF2739D59700277A15 /* List_App_With_APIUITestsLaunchTests.swift */,
			);
			path = "List App With APIUITests";
			sourceTree = "<group>";
		};
		8E9009FC2739D60600277A15 /* Views */ = {
			isa = PBXGroup;
			children = (
				8E9009D42739D59300277A15 /* ContentView.swift */,
				8E9009FF2739D69000277A15 /* HighSchoolHome.swift */,
				8E900A062739DC1700277A15 /* HighSchoolRow.swift */,
			);
			path = Views;
			sourceTree = "<group>";
		};
		8E900A012739D69F00277A15 /* Models */ = {
			isa = PBXGroup;
			children = (
				8E900A022739D6CD00277A15 /* HighSchool.swift */,
				8E900A082739DDAB00277A15 /* SAT.swift */,
				8E900A042739D8AB00277A15 /* ModelData.swift */,
			);
			path = Models;
			sourceTree = "<group>";
		};
/* End PBXGroup section */

/* Begin PBXNativeTarget section */
		8E9009CE2739D59300277A15 /* List App With API */ = {
			isa = PBXNativeTarget;
			buildConfigurationList = 8E9009F32739D59700277A15 /* Build configuration list for PBXNativeTarget "List App With API" */;
			buildPhases = (
				8E9009CB2739D59300277A15 /* Sources */,
				8E9009CC2739D59300277A15 /* Frameworks */,
				8E9009CD2739D59300277A15 /* Resources */,
			);
			buildRules = (
			);
			dependencies = (
			);
			name = "List App With API";
			productName = "List App With API";
			productReference = 8E9009CF2739D59300277A15 /* List App With API.app */;
			productType = "com.apple.product-type.application";
		};
		8E9009DE2739D59700277A15 /* List App With APITests */ = {
			isa = PBXNativeTarget;
			buildConfigurationList = 8E9009F62739D59700277A15 /* Build configuration list for PBXNativeTarget "List App With APITests" */;
			buildPhases = (
				8E9009DB2739D59700277A15 /* Sources */,
				8E9009DC2739D59700277A15 /* Frameworks */,
				8E9009DD2739D59700277A15 /* Resources */,
			);
			buildRules = (
			);
			dependencies = (
				8E9009E12739D59700277A15 /* PBXTargetDependency */,
			);
			name = "List App With APITests";
			productName = "List App With APITests";
			productReference = 8E9009DF2739D59700277A15 /* List App With APITests.xctest */;
			productType = "com.apple.product-type.bundle.unit-test";
		};
		8E9009E82739D59700277A15 /* List App With APIUITests */ = {
			isa = PBXNativeTarget;
			buildConfigurationList = 8E9009F92739D59700277A15 /* Build configuration list for PBXNativeTarget "List App With APIUITests" */;
			buildPhases = (
				8E9009E52739D59700277A15 /* Sources */,
				8E9009E62739D59700277A15 /* Frameworks */,
				8E9009E72739D59700277A15 /* Resources */,
			);
			buildRules = (
			);
			dependencies = (
				8E9009EB2739D59700277A15 /* PBXTargetDependency */,
			);
			name = "List App With APIUITests";
			productName = "List App With APIUITests";
			productReference = 8E9009E92739D59700277A15 /* List App With APIUITests.xctest */;
			productType = "com.apple.product-type.bundle.ui-testing";
		};
/* End PBXNativeTarget section */

/* Begin PBXProject section */
		8E9009C72739D59300277A15 /* Project object */ = {
			isa = PBXProject;
			attributes = {
				BuildIndependentTargetsInParallel = 1;
				LastSwiftUpdateCheck = 1310;
				LastUpgradeCheck = 1310;
				TargetAttributes = {
					8E9009CE2739D59300277A15 = {
						CreatedOnToolsVersion = 13.1;
					};
					8E9009DE2739D59700277A15 = {
						CreatedOnToolsVersion = 13.1;
						TestTargetID = 8E9009CE2739D59300277A15;
					};
					8E9009E82739D59700277A15 = {
						CreatedOnToolsVersion = 13.1;
						TestTargetID = 8E9009CE2739D59300277A15;
					};
				};
			};
			buildConfigurationList = 8E9009CA2739D59300277A15 /* Build configuration list for PBXProject "List App With API" */;
			compatibilityVersion = "Xcode 13.0";
			developmentRegion = en;
			hasScannedForEncodings = 0;
			knownRegions = (
				en,
				Base,
			);
			mainGroup = 8E9009C62739D59300277A15;
			productRefGroup = 8E9009D02739D59300277A15 /* Products */;
			projectDirPath = "";
			projectRoot = "";
			targets = (
				8E9009CE2739D59300277A15 /* List App With API */,
				8E9009DE2739D59700277A15 /* List App With APITests */,
				8E9009E82739D59700277A15 /* List App With APIUITests */,
			);
		};
/* End PBXProject section */

/* Begin PBXResourcesBuildPhase section */
		8E9009CD2739D59300277A15 /* Resources */ = {
			isa = PBXResourcesBuildPhase;
			buildActionMask = 2147483647;
			files = (
				8E9009DA2739D59600277A15 /* Preview Assets.xcassets in Resources */,
				8E9009D72739D59600277A15 /* Assets.xcassets in Resources */,
			);
			runOnlyForDeploymentPostprocessing = 0;
		};
		8E9009DD2739D59700277A15 /* Resources */ = {
			isa = PBXResourcesBuildPhase;
			buildActionMask = 2147483647;
			files = (
			);
			runOnlyForDeploymentPostprocessing = 0;
		};
		8E9009E72739D59700277A15 /* Resources */ = {
			isa = PBXResourcesBuildPhase;
			buildActionMask = 2147483647;
			files = (
			);
			runOnlyForDeploymentPostprocessing = 0;
		};
/* End PBXResourcesBuildPhase section */

/* Begin PBXSourcesBuildPhase section */
		8E9009CB2739D59300277A15 /* Sources */ = {
			isa = PBXSourcesBuildPhase;
			buildActionMask = 2147483647;
			files = (
				8E900A072739DC1700277A15 /* HighSchoolRow.swift in Sources */,
				8E9009D52739D59300277A15 /* ContentView.swift in Sources */,
				8E900A002739D69000277A15 /* HighSchoolHome.swift in Sources */,
				8E900A052739D8AB00277A15 /* ModelData.swift in Sources */,
				8E900A092739DDAB00277A15 /* SAT.swift in Sources */,
				8E9009D32739D59300277A15 /* List_App_With_APIApp.swift in Sources */,
				8E900A032739D6CD00277A15 /* HighSchool.swift in Sources */,
			);
			runOnlyForDeploymentPostprocessing = 0;
		};
		8E9009DB2739D59700277A15 /* Sources */ = {
			isa = PBXSourcesBuildPhase;
			buildActionMask = 2147483647;
			files = (
				8E9009E42739D59700277A15 /* List_App_With_APITests.swift in Sources */,
			);
			runOnlyForDeploymentPostprocessing = 0;
		};
		8E9009E52739D59700277A15 /* Sources */ = {
			isa = PBXSourcesBuildPhase;
			buildActionMask = 2147483647;
			files = (
				8E9009EE2739D59700277A15 /* List_App_With_APIUITests.swift in Sources */,
				8E9009F02739D59700277A15 /* List_App_With_APIUITestsLaunchTests.swift in Sources */,
			);
			runOnlyForDeploymentPostprocessing = 0;
		};
/* End PBXSourcesBuildPhase section */

/* Begin PBXTargetDependency section */
		8E9009E12739D59700277A15 /* PBXTargetDependency */ = {
			isa = PBXTargetDependency;
			target = 8E9009CE2739D59300277A15 /* List App With API */;
			targetProxy = 8E9009E02739D59700277A15 /* PBXContainerItemProxy */;
		};
		8E9009EB2739D59700277A15 /* PBXTargetDependency */ = {
			isa = PBXTargetDependency;
			target = 8E9009CE2739D59300277A15 /* List App With API */;
			targetProxy = 8E9009EA2739D59700277A15 /* PBXContainerItemProxy */;
		};
/* End PBXTargetDependency section */

/* Begin XCBuildConfiguration section */
		8E9009F12739D59700277A15 /* Debug */ = {
			isa = XCBuildConfiguration;
			buildSettings = {
				ALWAYS_SEARCH_USER_PATHS = NO;
				CLANG_ANALYZER_NONNULL = YES;
				CLANG_ANALYZER_NUMBER_OBJECT_CONVERSION = YES_AGGRESSIVE;
				CLANG_CXX_LANGUAGE_STANDARD = "gnu++17";
				CLANG_CXX_LIBRARY = "libc++";
				CLANG_ENABLE_MODULES = YES;
				CLANG_ENABLE_OBJC_ARC = YES;
				CLANG_ENABLE_OBJC_WEAK = YES;
				CLANG_WARN_BLOCK_CAPTURE_AUTORELEASING = YES;
				CLANG_WARN_BOOL_CONVERSION = YES;
				CLANG_WARN_COMMA = YES;
				CLANG_WARN_CONSTANT_CONVERSION = YES;
				CLANG_WARN_DEPRECATED_OBJC_IMPLEMENTATIONS = YES;
				CLANG_WARN_DIRECT_OBJC_ISA_USAGE = YES_ERROR;
				CLANG_WARN_DOCUMENTATION_COMMENTS = YES;
				CLANG_WARN_EMPTY_BODY = YES;
				CLANG_WARN_ENUM_CONVERSION = YES;
				CLANG_WARN_INFINITE_RECURSION = YES;
				CLANG_WARN_INT_CONVERSION = YES;
				CLANG_WARN_NON_LITERAL_NULL_CONVERSION = YES;
				CLANG_WARN_OBJC_IMPLICIT_RETAIN_SELF = YES;
				CLANG_WARN_OBJC_LITERAL_CONVERSION = YES;
				CLANG_WARN_OBJC_ROOT_CLASS = YES_ERROR;
				CLANG_WARN_QUOTED_INCLUDE_IN_FRAMEWORK_HEADER = YES;
				CLANG_WARN_RANGE_LOOP_ANALYSIS = YES;
				CLANG_WARN_STRICT_PROTOTYPES = YES;
				CLANG_WARN_SUSPICIOUS_MOVE = YES;
				CLANG_WARN_UNGUARDED_AVAILABILITY = YES_AGGRESSIVE;
				CLANG_WARN_UNREACHABLE_CODE = YES;
				CLANG_WARN__DUPLICATE_METHOD_MATCH = YES;
				COPY_PHASE_STRIP = NO;
				DEBUG_INFORMATION_FORMAT = dwarf;
				ENABLE_STRICT_OBJC_MSGSEND = YES;
				ENABLE_TESTABILITY = YES;
				GCC_C_LANGUAGE_STANDARD = gnu11;
				GCC_DYNAMIC_NO_PIC = NO;
				GCC_NO_COMMON_BLOCKS = YES;
				GCC_OPTIMIZATION_LEVEL = 0;
				GCC_PREPROCESSOR_DEFINITIONS = (
					"DEBUG=1",
					"$(inherited)",
				);
				GCC_WARN_64_TO_32_BIT_CONVERSION = YES;
				GCC_WARN_ABOUT_RETURN_TYPE = YES_ERROR;
				GCC_WARN_UNDECLARED_SELECTOR = YES;
				GCC_WARN_UNINITIALIZED_AUTOS = YES_AGGRESSIVE;
				GCC_WARN_UNUSED_FUNCTION = YES;
				GCC_WARN_UNUSED_VARIABLE = YES;
				IPHONEOS_DEPLOYMENT_TARGET = 15.0;
				MTL_ENABLE_DEBUG_INFO = INCLUDE_SOURCE;
				MTL_FAST_MATH = YES;
				ONLY_ACTIVE_ARCH = YES;
				SDKROOT = iphoneos;
				SWIFT_ACTIVE_COMPILATION_CONDITIONS = DEBUG;
				SWIFT_OPTIMIZATION_LEVEL = "-Onone";
			};
			name = Debug;
		};
		8E9009F22739D59700277A15 /* Release */ = {
			isa = XCBuildConfiguration;
			buildSettings = {
				ALWAYS_SEARCH_USER_PATHS = NO;
				CLANG_ANALYZER_NONNULL = YES;
				CLANG_ANALYZER_NUMBER_OBJECT_CONVERSION = YES_AGGRESSIVE;
				CLANG_CXX_LANGUAGE_STANDARD = "gnu++17";
				CLANG_CXX_LIBRARY = "libc++";
				CLANG_ENABLE_MODULES = YES;
				CLANG_ENABLE_OBJC_ARC = YES;
				CLANG_ENABLE_OBJC_WEAK = YES;
				CLANG_WARN_BLOCK_CAPTURE_AUTORELEASING = YES;
				CLANG_WARN_BOOL_CONVERSION = YES;
				CLANG_WARN_COMMA = YES;
				CLANG_WARN_CONSTANT_CONVERSION = YES;
				CLANG_WARN_DEPRECATED_OBJC_IMPLEMENTATIONS = YES;
				CLANG_WARN_DIRECT_OBJC_ISA_USAGE = YES_ERROR;
				CLANG_WARN_DOCUMENTATION_COMMENTS = YES;
				CLANG_WARN_EMPTY_BODY = YES;
				CLANG_WARN_ENUM_CONVERSION = YES;
				CLANG_WARN_INFINITE_RECURSION = YES;
				CLANG_WARN_INT_CONVERSION = YES;
				CLANG_WARN_NON_LITERAL_NULL_CONVERSION = YES;
				CLANG_WARN_OBJC_IMPLICIT_RETAIN_SELF = YES;
				CLANG_WARN_OBJC_LITERAL_CONVERSION = YES;
				CLANG_WARN_OBJC_ROOT_CLASS = YES_ERROR;
				CLANG_WARN_QUOTED_INCLUDE_IN_FRAMEWORK_HEADER = YES;
				CLANG_WARN_RANGE_LOOP_ANALYSIS = YES;
				CLANG_WARN_STRICT_PROTOTYPES = YES;
				CLANG_WARN_SUSPICIOUS_MOVE = YES;
				CLANG_WARN_UNGUARDED_AVAILABILITY = YES_AGGRESSIVE;
				CLANG_WARN_UNREACHABLE_CODE = YES;
				CLANG_WARN__DUPLICATE_METHOD_MATCH = YES;
				COPY_PHASE_STRIP = NO;
				DEBUG_INFORMATION_FORMAT = "dwarf-with-dsym";
				ENABLE_NS_ASSERTIONS = NO;
				ENABLE_STRICT_OBJC_MSGSEND = YES;
				GCC_C_LANGUAGE_STANDARD = gnu11;
				GCC_NO_COMMON_BLOCKS = YES;
				GCC_WARN_64_TO_32_BIT_CONVERSION = YES;
				GCC_WARN_ABOUT_RETURN_TYPE = YES_ERROR;
				GCC_WARN_UNDECLARED_SELECTOR = YES;
				GCC_WARN_UNINITIALIZED_AUTOS = YES_AGGRESSIVE;
				GCC_WARN_UNUSED_FUNCTION = YES;
				GCC_WARN_UNUSED_VARIABLE = YES;
				IPHONEOS_DEPLOYMENT_TARGET = 15.0;
				MTL_ENABLE_DEBUG_INFO = NO;
				MTL_FAST_MATH = YES;
				SDKROOT = iphoneos;
				SWIFT_COMPILATION_MODE = wholemodule;
				SWIFT_OPTIMIZATION_LEVEL = "-O";
				VALIDATE_PRODUCT = YES;
			};
			name = Release;
		};
		8E9009F42739D59700277A15 /* Debug */ = {
			isa = XCBuildConfiguration;
			buildSettings = {
				ASSETCATALOG_COMPILER_APPICON_NAME = AppIcon;
				ASSETCATALOG_COMPILER_GLOBAL_ACCENT_COLOR_NAME = AccentColor;
				CODE_SIGN_STYLE = Automatic;
				CURRENT_PROJECT_VERSION = 1;
				DEVELOPMENT_ASSET_PATHS = "\"List App With API/Preview Content\"";
				DEVELOPMENT_TEAM = PRB555XZQ2;
				ENABLE_PREVIEWS = YES;
				GENERATE_INFOPLIST_FILE = YES;
				INFOPLIST_KEY_UIApplicationSceneManifest_Generation = YES;
				INFOPLIST_KEY_UIApplicationSupportsIndirectInputEvents = YES;
				INFOPLIST_KEY_UILaunchScreen_Generation = YES;
				INFOPLIST_KEY_UISupportedInterfaceOrientations_iPad = "UIInterfaceOrientationPortrait UIInterfaceOrientationPortraitUpsideDown UIInterfaceOrientationLandscapeLeft UIInterfaceOrientationLandscapeRight";
				INFOPLIST_KEY_UISupportedInterfaceOrientations_iPhone = "UIInterfaceOrientationPortrait UIInterfaceOrientationLandscapeLeft UIInterfaceOrientationLandscapeRight";
				LD_RUNPATH_SEARCH_PATHS = (
					"$(inherited)",
					"@executable_path/Frameworks",
				);
				MARKETING_VERSION = 1.0;
				PRODUCT_BUNDLE_IDENTIFIER = "TomZach.List-App-With-API";
				PRODUCT_NAME = "$(TARGET_NAME)";
				SWIFT_EMIT_LOC_STRINGS = YES;
				SWIFT_VERSION = 5.0;
				TARGETED_DEVICE_FAMILY = "1,2";
			};
			name = Debug;
		};
		8E9009F52739D59700277A15 /* Release */ = {
			isa = XCBuildConfiguration;
			buildSettings = {
				ASSETCATALOG_COMPILER_APPICON_NAME = AppIcon;
				ASSETCATALOG_COMPILER_GLOBAL_ACCENT_COLOR_NAME = AccentColor;
				CODE_SIGN_STYLE = Automatic;
				CURRENT_PROJECT_VERSION = 1;
				DEVELOPMENT_ASSET_PATHS = "\"List App With API/Preview Content\"";
				DEVELOPMENT_TEAM = PRB555XZQ2;
				ENABLE_PREVIEWS = YES;
				GENERATE_INFOPLIST_FILE = YES;
				INFOPLIST_KEY_UIApplicationSceneManifest_Generation = YES;
				INFOPLIST_KEY_UIApplicationSupportsIndirectInputEvents = YES;
				INFOPLIST_KEY_UILaunchScreen_Generation = YES;
				INFOPLIST_KEY_UISupportedInterfaceOrientations_iPad = "UIInterfaceOrientationPortrait UIInterfaceOrientationPortraitUpsideDown UIInterfaceOrientationLandscapeLeft UIInterfaceOrientationLandscapeRight";
				INFOPLIST_KEY_UISupportedInterfaceOrientations_iPhone = "UIInterfaceOrientationPortrait UIInterfaceOrientationLandscapeLeft UIInterfaceOrientationLandscapeRight";
				LD_RUNPATH_SEARCH_PATHS = (
					"$(inherited)",
					"@executable_path/Frameworks",
				);
				MARKETING_VERSION = 1.0;
				PRODUCT_BUNDLE_IDENTIFIER = "TomZach.List-App-With-API";
				PRODUCT_NAME = "$(TARGET_NAME)";
				SWIFT_EMIT_LOC_STRINGS = YES;
				SWIFT_VERSION = 5.0;
				TARGETED_DEVICE_FAMILY = "1,2";
			};
			name = Release;
		};
		8E9009F72739D59700277A15 /* Debug */ = {
			isa = XCBuildConfiguration;
			buildSettings = {
				ALWAYS_EMBED_SWIFT_STANDARD_LIBRARIES = YES;
				BUNDLE_LOADER = "$(TEST_HOST)";
				CODE_SIGN_STYLE = Automatic;
				CURRENT_PROJECT_VERSION = 1;
				DEVELOPMENT_TEAM = PRB555XZQ2;
				GENERATE_INFOPLIST_FILE = YES;
				IPHONEOS_DEPLOYMENT_TARGET = 15.0;
				LD_RUNPATH_SEARCH_PATHS = (
					"$(inherited)",
					"@executable_path/Frameworks",
					"@loader_path/Frameworks",
				);
				MARKETING_VERSION = 1.0;
				PRODUCT_BUNDLE_IDENTIFIER = "TomZach.List-App-With-APITests";
				PRODUCT_NAME = "$(TARGET_NAME)";
				SWIFT_EMIT_LOC_STRINGS = NO;
				SWIFT_VERSION = 5.0;
				TARGETED_DEVICE_FAMILY = "1,2";
				TEST_HOST = "$(BUILT_PRODUCTS_DIR)/List App With API.app/List App With API";
			};
			name = Debug;
		};
		8E9009F82739D59700277A15 /* Release */ = {
			isa = XCBuildConfiguration;
			buildSettings = {
				ALWAYS_EMBED_SWIFT_STANDARD_LIBRARIES = YES;
				BUNDLE_LOADER = "$(TEST_HOST)";
				CODE_SIGN_STYLE = Automatic;
				CURRENT_PROJECT_VERSION = 1;
				DEVELOPMENT_TEAM = PRB555XZQ2;
				GENERATE_INFOPLIST_FILE = YES;
				IPHONEOS_DEPLOYMENT_TARGET = 15.0;
				LD_RUNPATH_SEARCH_PATHS = (
					"$(inherited)",
					"@executable_path/Frameworks",
					"@loader_path/Frameworks",
				);
				MARKETING_VERSION = 1.0;
				PRODUCT_BUNDLE_IDENTIFIER = "TomZach.List-App-With-APITests";
				PRODUCT_NAME = "$(TARGET_NAME)";
				SWIFT_EMIT_LOC_STRINGS = NO;
				SWIFT_VERSION = 5.0;
				TARGETED_DEVICE_FAMILY = "1,2";
				TEST_HOST = "$(BUILT_PRODUCTS_DIR)/List App With API.app/List App With API";
			};
			name = Release;
		};
		8E9009FA2739D59700277A15 /* Debug */ = {
			isa = XCBuildConfiguration;
			buildSettings = {
				ALWAYS_EMBED_SWIFT_STANDARD_LIBRARIES = YES;
				CODE_SIGN_STYLE = Automatic;
				CURRENT_PROJECT_VERSION = 1;
				DEVELOPMENT_TEAM = PRB555XZQ2;
				GENERATE_INFOPLIST_FILE = YES;
				LD_RUNPATH_SEARCH_PATHS = (
					"$(inherited)",
					"@executable_path/Frameworks",
					"@loader_path/Frameworks",
				);
				MARKETING_VERSION = 1.0;
				PRODUCT_BUNDLE_IDENTIFIER = "TomZach.List-App-With-APIUITests";
				PRODUCT_NAME = "$(TARGET_NAME)";
				SWIFT_EMIT_LOC_STRINGS = NO;
				SWIFT_VERSION = 5.0;
				TARGETED_DEVICE_FAMILY = "1,2";
				TEST_TARGET_NAME = "List App With API";
			};
			name = Debug;
		};
		8E9009FB2739D59700277A15 /* Release */ = {
			isa = XCBuildConfiguration;
			buildSettings = {
				ALWAYS_EMBED_SWIFT_STANDARD_LIBRARIES = YES;
				CODE_SIGN_STYLE = Automatic;
				CURRENT_PROJECT_VERSION = 1;
				DEVELOPMENT_TEAM = PRB555XZQ2;
				GENERATE_INFOPLIST_FILE = YES;
				LD_RUNPATH_SEARCH_PATHS = (
					"$(inherited)",
					"@executable_path/Frameworks",
					"@loader_path/Frameworks",
				);
				MARKETING_VERSION = 1.0;
				PRODUCT_BUNDLE_IDENTIFIER = "TomZach.List-App-With-APIUITests";
				PRODUCT_NAME = "$(TARGET_NAME)";
				SWIFT_EMIT_LOC_STRINGS = NO;
				SWIFT_VERSION = 5.0;
				TARGETED_DEVICE_FAMILY = "1,2";
				TEST_TARGET_NAME = "List App With API";
			};
			name = Release;
		};
/* End XCBuildConfiguration section */

/* Begin XCConfigurationList section */
		8E9009CA2739D59300277A15 /* Build configuration list for PBXProject "List App With API" */ = {
			isa = XCConfigurationList;
			buildConfigurations = (
				8E9009F12739D59700277A15 /* Debug */,
				8E9009F22739D59700277A15 /* Release */,
			);
			defaultConfigurationIsVisible = 0;
			defaultConfigurationName = Release;
		};
		8E9009F32739D59700277A15 /* Build configuration list for PBXNativeTarget "List App With API" */ = {
			isa = XCConfigurationList;
			buildConfigurations = (
				8E9009F42739D59700277A15 /* Debug */,
				8E9009F52739D59700277A15 /* Release */,
			);
			defaultConfigurationIsVisible = 0;
			defaultConfigurationName = Release;
		};
		8E9009F62739D59700277A15 /* Build configuration list for PBXNativeTarget "List App With APITests" */ = {
			isa = XCConfigurationList;
			buildConfigurations = (
				8E9009F72739D59700277A15 /* Debug */,
				8E9009F82739D59700277A15 /* Release */,
			);
			defaultConfigurationIsVisible = 0;
			defaultConfigurationName = Release;
		};
		8E9009F92739D59700277A15 /* Build configuration list for PBXNativeTarget "List App With APIUITests" */ = {
			isa = XCConfigurationList;
			buildConfigurations = (
				8E9009FA2739D59700277A15 /* Debug */,
				8E9009FB2739D59700277A15 /* Release */,
			);
			defaultConfigurationIsVisible = 0;
			defaultConfigurationName = Release;
		};
/* End XCConfigurationList section */
	};
	rootObject = 8E9009C72739D59300277A15 /* Project object */;
}
